
Microsoft Visual Studio Solution File, Format Version 12.00
# Visual Studio Version 16
VisualStudioVersion = 16.0.31727.386
MinimumVisualStudioVersion = 10.0.40219.1
Project("{FAE04EC0-301F-11D3-BF4B-00C04F79EFBC}") = "ServerConfigMtk-P2-20190140131", "ServerConfigMtk-P2-20190140131\ServerConfigMtk-P2-20190140131.csproj", "{14B2D59E-CE37-4201-8AF2-9419280878A8}"
EndProject
Global
	GlobalSection(SolutionConfigurationPlatforms) = preSolution
		Debug|Any CPU = Debug|Any CPU
		Release|Any CPU = Release|Any CPU
	EndGlobalSection
	GlobalSection(ProjectConfigurationPlatforms) = postSolution
		{14B2D59E-CE37-4201-8AF2-9419280878A8}.Debug|Any CPU.ActiveCfg = Debug|Any CPU
		{14B2D59E-CE37-4201-8AF2-9419280878A8}.Debug|Any CPU.Build.0 = Debug|Any CPU
		{14B2D59E-CE37-4201-8AF2-9419280878A8}.Release|Any CPU.ActiveCfg = Release|Any CPU
		{14B2D59E-CE37-4201-8AF2-9419280878A8}.Release|Any CPU.Build.0 = Release|Any CPU
	EndGlobalSection
	GlobalSection(SolutionProperties) = preSolution
		HideSolutionNode = FALSE
	EndGlobalSection
	GlobalSection(ExtensibilityGlobals) = postSolution
		SolutionGuid = {A6F30C73-A367-4E3E-B8C4-825E1FD1F020}
	EndGlobalSection
EndGlobal
